// !$*UTF8*$!
{
	archiveVersion = 1;
	classes = {
	};
	objectVersion = 77;
	objects = {

/* Begin PBXContainerItemProxy section */
		E0F19BEF2F6A10A100AD33F0 /* PBXContainerItemProxy */ = {
			isa = PBXContainerItemProxy;
			containerPortal = E0F19BD92F6A10A000AD33F0 /* Project object */;
			proxyType = 1;
			remoteGlobalIDString = E0F19BE02F6A10A000AD33F0;
			remoteInfo = TravelHub;
		};
		E0F19BF92F6A10A100AD33F0 /* PBXContainerItemProxy */ = {
			isa = PBXContainerItemProxy;
			containerPortal = E0F19BD92F6A10A000AD33F0 /* Project object */;
			proxyType = 1;
			remoteGlobalIDString = E0F19BE02F6A10A000AD33F0;
			remoteInfo = TravelHub;
		};
/* End PBXContainerItemProxy section */

/* Begin PBXFileReference section */
		E0F19BE12F6A10A000AD33F0 /* TravelHub.app */ = {isa = PBXFileReference; explicitFileType = wrapper.application; includeInIndex = 0; path = TravelHub.app; sourceTree = BUILT_PRODUCTS_DIR; };
		E0F19BEE2F6A10A100AD33F0 /* TravelHubTests.xctest */ = {isa = PBXFileReference; explicitFileType = wrapper.cfbundle; includeInIndex = 0; path = TravelHubTests.xctest; sourceTree = BUILT_PRODUCTS_DIR; };
		E0F19BF82F6A10A100AD33F0 /* TravelHubUITests.xctest */ = {isa = PBXFileReference; explicitFileType = wrapper.cfbundle; includeInIndex = 0; path = TravelHubUITests.xctest; sourceTree = BUILT_PRODUCTS_DIR; };
/* End PBXFileReference section */

/* Begin PBXFileSystemSynchronizedBuildFileExceptionSet section */
		E04AB82A2F7A1B0D00C26F92 /* Exceptions for "TravelHub" folder in "TravelHub" target */ = {
			isa = PBXFileSystemSynchronizedBuildFileExceptionSet;
			membershipExceptions = (
				Configuration/Debug.xcconfig,
				Info.plist,
			);
			target = E0F19BE02F6A10A000AD33F0 /* TravelHub */;
		};
/* End PBXFileSystemSynchronizedBuildFileExceptionSet section */

/* Begin PBXFileSystemSynchronizedRootGroup section */
		E0F19BE32F6A10A000AD33F0 /* TravelHub */ = {
			isa = PBXFileSystemSynchronizedRootGroup;
			exceptions = (
				E04AB82A2F7A1B0D00C26F92 /* Exceptions for "TravelHub" folder in "TravelHub" target */,
			);
			path = TravelHub;
			sourceTree = "<group>";
		};
		E0F19BF12F6A10A100AD33F0 /* TravelHubTests */ = {
			isa = PBXFileSystemSynchronizedRootGroup;
			path = TravelHubTests;
			sourceTree = "<group>";
		};
		E0F19BFB2F6A10A100AD33F0 /* TravelHubUITests */ = {
			isa = PBXFileSystemSynchronizedRootGroup;
			path = TravelHubUITests;
			sourceTree = "<group>";
		};
/* End PBXFileSystemSynchronizedRootGroup section */

/* Begin PBXFrameworksBuildPhase section */
		E0F19BDE2F6A10A000AD33F0 /* Frameworks */ = {
			isa = PBXFrameworksBuildPhase;
			buildActionMask = 2147483647;
			files = (
			);
			runOnlyForDeploymentPostprocessing = 0;
		};
		E0F19BEB2F6A10A100AD33F0 /* Frameworks */ = {
			isa = PBXFrameworksBuildPhase;
			buildActionMask = 2147483647;
			files = (
			);
			runOnlyForDeploymentPostprocessing = 0;
		};
		E0F19BF52F6A10A100AD33F0 /* Frameworks */ = {
			isa = PBXFrameworksBuildPhase;
			buildActionMask = 2147483647;
			files = (
			);
			runOnlyForDeploymentPostprocessing = 0;
		};
/* End PBXFrameworksBuildPhase section */

/* Begin PBXGroup section */
		E0F19BD82F6A10A000AD33F0 = {
			isa = PBXGroup;
			children = (
				E0F19BE32F6A10A000AD33F0 /* TravelHub */,
				E0F19BF12F6A10A100AD33F0 /* TravelHubTests */,
				E0F19BFB2F6A10A100AD33F0 /* TravelHubUITests */,
				E0F19BE22F6A10A000AD33F0 /* Products */,
			);
			sourceTree = "<group>";
		};
		E0F19BE22F6A10A000AD33F0 /* Products */ = {
			isa = PBXGroup;
			children = (
				E0F19BE12F6A10A000AD33F0 /* TravelHub.app */,
				E0F19BEE2F6A10A100AD33F0 /* TravelHubTests.xctest */,
				E0F19BF82F6A10A100AD33F0 /* TravelHubUITests.xctest */,
			);
			name = Products;
			sourceTree = "<group>";
		};
/* End PBXGroup section */

/* Begin PBXNativeTarget section */
		E0F19BE02F6A10A000AD33F0 /* TravelHub */ = {
			isa = PBXNativeTarget;
			buildConfigurationList = E0F19C022F6A10A100AD33F0 /* Build configuration list for PBXNativeTarget "TravelHub" */;
			buildPhases = (
				E0F19BDD2F6A10A000AD33F0 /* Sources */,
				E0F19BDE2F6A10A000AD33F0 /* Frameworks */,
				E0F19BDF2F6A10A000AD33F0 /* Resources */,
			);
			buildRules = (
			);
			dependencies = (
			);
			fileSystemSynchronizedGroups = (
				E0F19BE32F6A10A000AD33F0 /* TravelHub */,
			);
			name = TravelHub;
			packageProductDependencies = (
			);
			productName = TravelHub;
			productReference = E0F19BE12F6A10A000AD33F0 /* TravelHub.app */;
			productType = "com.apple.product-type.application";
		};
		E0F19BED2F6A10A100AD33F0 /* TravelHubTests */ = {
			isa = PBXNativeTarget;
			buildConfigurationList = E0F19C052F6A10A100AD33F0 /* Build configuration list for PBXNativeTarget "TravelHubTests" */;
			buildPhases = (
				E0F19BEA2F6A10A100AD33F0 /* Sources */,
				E0F19BEB2F6A10A100AD33F0 /* Frameworks */,
				E0F19BEC2F6A10A100AD33F0 /* Resources */,
			);
			buildRules = (
			);
			dependencies = (
				E0F19BF02F6A10A100AD33F0 /* PBXTargetDependency */,
			);
			fileSystemSynchronizedGroups = (
				E0F19BF12F6A10A100AD33F0 /* TravelHubTests */,
			);
			name = TravelHubTests;
			packageProductDependencies = (
			);
			productName = TravelHubTests;
			productReference = E0F19BEE2F6A10A100AD33F0 /* TravelHubTests.xctest */;
			productType = "com.apple.product-type.bundle.unit-test";
		};
		E0F19BF72F6A10A100AD33F0 /* TravelHubUITests */ = {
			isa = PBXNativeTarget;
			buildConfigurationList = E0F19C082F6A10A100AD33F0 /* Build configuration list for PBXNativeTarget "TravelHubUITests" */;
			buildPhases = (
				E0F19BF42F6A10A100AD33F0 /* Sources */,
				E0F19BF52F6A10A100AD33F0 /* Frameworks */,
				E0F19BF62F6A10A100AD33F0 /* Resources */,
			);
			buildRules = (
			);
			dependencies = (
				E0F19BFA2F6A10A100AD33F0 /* PBXTargetDependency */,
			);
			fileSystemSynchronizedGroups = (
				E0F19BFB2F6A10A100AD33F0 /* TravelHubUITests */,
			);
			name = TravelHubUITests;
			packageProductDependencies = (
			);
			productName = TravelHubUITests;
			productReference = E0F19BF82F6A10A100AD33F0 /* TravelHubUITests.xctest */;
			productType = "com.apple.product-type.bundle.ui-testing";
		};
/* End PBXNativeTarget section */

/* Begin PBXProject section */
		E0F19BD92F6A10A000AD33F0 /* Project object */ = {
			isa = PBXProject;
			attributes = {
				BuildIndependentTargetsInParallel = 1;
				LastSwiftUpdateCheck = 2630;
				LastUpgradeCheck = 2640;
				TargetAttributes = {
					E0F19BE02F6A10A000AD33F0 = {
						CreatedOnToolsVersion = 26.3;
					};
					E0F19BED2F6A10A100AD33F0 = {
						CreatedOnToolsVersion = 26.3;
						TestTargetID = E0F19BE02F6A10A000AD33F0;
					};
					E0F19BF72F6A10A100AD33F0 = {
						CreatedOnToolsVersion = 26.3;
						TestTargetID = E0F19BE02F6A10A000AD33F0;
					};
				};
			};
			buildConfigurationList = E0F19BDC2F6A10A000AD33F0 /* Build configuration list for PBXProject "TravelHub" */;
			developmentRegion = en;
			hasScannedForEncodings = 0;
			knownRegions = (
				en,
				Base,
			);
			mainGroup = E0F19BD82F6A10A000AD33F0;
			minimizedProjectReferenceProxies = 1;
			preferredProjectObjectVersion = 77;
			productRefGroup = E0F19BE22F6A10A000AD33F0 /* Products */;
			projectDirPath = "";
			projectRoot = "";
			targets = (
				E0F19BE02F6A10A000AD33F0 /* TravelHub */,
				E0F19BED2F6A10A100AD33F0 /* TravelHubTests */,
				E0F19BF72F6A10A100AD33F0 /* TravelHubUITests */,
			);
		};
/* End PBXProject section */

/* Begin PBXResourcesBuildPhase section */
		E0F19BDF2F6A10A000AD33F0 /* Resources */ = {
			isa = PBXResourcesBuildPhase;
			buildActionMask = 2147483647;
			files = (
			);
			runOnlyForDeploymentPostprocessing = 0;
		};
		E0F19BEC2F6A10A100AD33F0 /* Resources */ = {
			isa = PBXResourcesBuildPhase;
			buildActionMask = 2147483647;
			files = (
			);
			runOnlyForDeploymentPostprocessing = 0;
		};
		E0F19BF62F6A10A100AD33F0 /* Resources */ = {
			isa = PBXResourcesBuildPhase;
			buildActionMask = 2147483647;
			files = (
			);
			runOnlyForDeploymentPostprocessing = 0;
		};
/* End PBXResourcesBuildPhase section */

/* Begin PBXSourcesBuildPhase section */
		E0F19BDD2F6A10A000AD33F0 /* Sources */ = {
			isa = PBXSourcesBuildPhase;
			buildActionMask = 2147483647;
			files = (
			);
			runOnlyForDeploymentPostprocessing = 0;
		};
		E0F19BEA2F6A10A100AD33F0 /* Sources */ = {
			isa = PBXSourcesBuildPhase;
			buildActionMask = 2147483647;
			files = (
			);
			runOnlyForDeploymentPostprocessing = 0;
		};
		E0F19BF42F6A10A100AD33F0 /* Sources */ = {
			isa = PBXSourcesBuildPhase;
			buildActionMask = 2147483647;
			files = (
			);
			runOnlyForDeploymentPostprocessing = 0;
		};
/* End PBXSourcesBuildPhase section */

/* Begin PBXTargetDependency section */
		E0F19BF02F6A10A100AD33F0 /* PBXTargetDependency */ = {
			isa = PBXTargetDependency;
			target = E0F19BE02F6A10A000AD33F0 /* TravelHub */;
			targetProxy = E0F19BEF2F6A10A100AD33F0 /* PBXContainerItemProxy */;
		};
		E0F19BFA2F6A10A100AD33F0 /* PBXTargetDependency */ = {
			isa = PBXTargetDependency;
			target = E0F19BE02F6A10A000AD33F0 /* TravelHub */;
			targetProxy = E0F19BF92F6A10A100AD33F0 /* PBXContainerItemProxy */;
		};
/* End PBXTargetDependency section */

/* Begin XCBuildConfiguration section */
		E0F19C002F6A10A100AD33F0 /* Debug */ = {
			isa = XCBuildConfiguration;
			buildSettings = {
				ALWAYS_SEARCH_USER_PATHS = NO;
				ASSETCATALOG_COMPILER_GENERATE_SWIFT_ASSET_SYMBOL_EXTENSIONS = YES;
				CLANG_ANALYZER_NONNULL = YES;
				CLANG_ANALYZER_NUMBER_OBJECT_CONVERSION = YES_AGGRESSIVE;
				CLANG_CXX_LANGUAGE_STANDARD = "gnu++20";
				CLANG_ENABLE_MODULES = YES;
				CLANG_ENABLE_OBJC_ARC = YES;
				CLANG_ENABLE_OBJC_WEAK = YES;
				CLANG_WARN_BLOCK_CAPTURE_AUTORELEASING = YES;
				CLANG_WARN_BOOL_CONVERSION = YES;
				CLANG_WARN_COMMA = YES;
				CLANG_WARN_CONSTANT_CONVERSION = YES;
				CLANG_WARN_DEPRECATED_OBJC_IMPLEMENTATIONS = YES;
				CLANG_WARN_DIRECT_OBJC_ISA_USAGE = YES_ERROR;
				CLANG_WARN_DOCUMENTATION_COMMENTS = YES;
				CLANG_WARN_EMPTY_BODY = YES;
				CLANG_WARN_ENUM_CONVERSION = YES;
				CLANG_WARN_INFINITE_RECURSION = YES;
				CLANG_WARN_INT_CONVERSION = YES;
				CLANG_WARN_NON_LITERAL_NULL_CONVERSION = YES;
				CLANG_WARN_OBJC_IMPLICIT_RETAIN_SELF = YES;
				CLANG_WARN_OBJC_LITERAL_CONVERSION = YES;
				CLANG_WARN_OBJC_ROOT_CLASS = YES_ERROR;
				CLANG_WARN_QUOTED_INCLUDE_IN_FRAMEWORK_HEADER = YES;
				CLANG_WARN_RANGE_LOOP_ANALYSIS = YES;
				CLANG_WARN_STRICT_PROTOTYPES = YES;
				CLANG_WARN_SUSPICIOUS_MOVE = YES;
				CLANG_WARN_UNGUARDED_AVAILABILITY = YES_AGGRESSIVE;
				CLANG_WARN_UNREACHABLE_CODE = YES;
				CLANG_WARN__DUPLICATE_METHOD_MATCH = YES;
				COPY_PHASE_STRIP = NO;
				DEBUG_INFORMATION_FORMAT = dwarf;
				ENABLE_STRICT_OBJC_MSGSEND = YES;
				ENABLE_TESTABILITY = YES;
				ENABLE_USER_SCRIPT_SANDBOXING = YES;
				GCC_C_LANGUAGE_STANDARD = gnu17;
				GCC_DYNAMIC_NO_PIC = NO;
				GCC_NO_COMMON_BLOCKS = YES;
				GCC_OPTIMIZATION_LEVEL = 0;
				GCC_PREPROCESSOR_DEFINITIONS = (
					"DEBUG=1",
					"$(inherited)",
				);
				GCC_WARN_64_TO_32_BIT_CONVERSION = YES;
				GCC_WARN_ABOUT_RETURN_TYPE = YES_ERROR;
				GCC_WARN_UNDECLARED_SELECTOR = YES;
				GCC_WARN_UNINITIALIZED_AUTOS = YES_AGGRESSIVE;
				GCC_WARN_UNUSED_FUNCTION = YES;
				GCC_WARN_UNUSED_VARIABLE = YES;
				IPHONEOS_DEPLOYMENT_TARGET = 26.2;
				LOCALIZATION_PREFERS_STRING_CATALOGS = YES;
				MTL_ENABLE_DEBUG_INFO = INCLUDE_SOURCE;
				MTL_FAST_MATH = YES;
				ONLY_ACTIVE_ARCH = YES;
				SDKROOT = iphoneos;
				STRING_CATALOG_GENERATE_SYMBOLS = YES;
				SWIFT_ACTIVE_COMPILATION_CONDITIONS = "DEBUG $(inherited)";
				SWIFT_EMIT_LOC_STRINGS = YES;
				SWIFT_OPTIMIZATION_LEVEL = "-Onone";
			};
			name = Debug;
		};
		E0F19C012F6A10A100AD33F0 /* Release */ = {
			isa = XCBuildConfiguration;
			buildSettings = {
				ALWAYS_SEARCH_USER_PATHS = NO;
				ASSETCATALOG_COMPILER_GENERATE_SWIFT_ASSET_SYMBOL_EXTENSIONS = YES;
				CLANG_ANALYZER_NONNULL = YES;
				CLANG_ANALYZER_NUMBER_OBJECT_CONVERSION = YES_AGGRESSIVE;
				CLANG_CXX_LANGUAGE_STANDARD = "gnu++20";
				CLANG_ENABLE_MODULES = YES;
				CLANG_ENABLE_OBJC_ARC = YES;
				CLANG_ENABLE_OBJC_WEAK = YES;
				CLANG_WARN_BLOCK_CAPTURE_AUTORELEASING = YES;
				CLANG_WARN_BOOL_CONVERSION = YES;
				CLANG_WARN_COMMA = YES;
				CLANG_WARN_CONSTANT_CONVERSION = YES;
				CLANG_WARN_DEPRECATED_OBJC_IMPLEMENTATIONS = YES;
				CLANG_WARN_DIRECT_OBJC_ISA_USAGE = YES_ERROR;
				CLANG_WARN_DOCUMENTATION_COMMENTS = YES;
				CLANG_WARN_EMPTY_BODY = YES;
				CLANG_WARN_ENUM_CONVERSION = YES;
				CLANG_WARN_INFINITE_RECURSION = YES;
				CLANG_WARN_INT_CONVERSION = YES;
				CLANG_WARN_NON_LITERAL_NULL_CONVERSION = YES;
				CLANG_WARN_OBJC_IMPLICIT_RETAIN_SELF = YES;
				CLANG_WARN_OBJC_LITERAL_CONVERSION = YES;
				CLANG_WARN_OBJC_ROOT_CLASS = YES_ERROR;
				CLANG_WARN_QUOTED_INCLUDE_IN_FRAMEWORK_HEADER = YES;
				CLANG_WARN_RANGE_LOOP_ANALYSIS = YES;
				CLANG_WARN_STRICT_PROTOTYPES = YES;
				CLANG_WARN_SUSPICIOUS_MOVE = YES;
				CLANG_WARN_UNGUARDED_AVAILABILITY = YES_AGGRESSIVE;
				CLANG_WARN_UNREACHABLE_CODE = YES;
				CLANG_WARN__DUPLICATE_METHOD_MATCH = YES;
				COPY_PHASE_STRIP = NO;
				DEBUG_INFORMATION_FORMAT = "dwarf-with-dsym";
				ENABLE_NS_ASSERTIONS = NO;
				ENABLE_STRICT_OBJC_MSGSEND = YES;
				ENABLE_USER_SCRIPT_SANDBOXING = YES;
				GCC_C_LANGUAGE_STANDARD = gnu17;
				GCC_NO_COMMON_BLOCKS = YES;
				GCC_WARN_64_TO_32_BIT_CONVERSION = YES;
				GCC_WARN_ABOUT_RETURN_TYPE = YES_ERROR;
				GCC_WARN_UNDECLARED_SELECTOR = YES;
				GCC_WARN_UNINITIALIZED_AUTOS = YES_AGGRESSIVE;
				GCC_WARN_UNUSED_FUNCTION = YES;
				GCC_WARN_UNUSED_VARIABLE = YES;
				IPHONEOS_DEPLOYMENT_TARGET = 26.2;
				LOCALIZATION_PREFERS_STRING_CATALOGS = YES;
				MTL_ENABLE_DEBUG_INFO = NO;
				MTL_FAST_MATH = YES;
				SDKROOT = iphoneos;
				STRING_CATALOG_GENERATE_SYMBOLS = YES;
				SWIFT_COMPILATION_MODE = wholemodule;
				SWIFT_EMIT_LOC_STRINGS = YES;
				VALIDATE_PRODUCT = YES;
			};
			name = Release;
		};
		E0F19C032F6A10A100AD33F0 /* Debug */ = {
			isa = XCBuildConfiguration;
			baseConfigurationReferenceAnchor = E0F19BE32F6A10A000AD33F0 /* TravelHub */;
			baseConfigurationReferenceRelativePath = Configuration/Debug.xcconfig;
			buildSettings = {
				ASSETCATALOG_COMPILER_APPICON_NAME = AppIcon;
				ASSETCATALOG_COMPILER_GLOBAL_ACCENT_COLOR_NAME = AccentColor;
				CODE_SIGN_STYLE = Automatic;
				CURRENT_PROJECT_VERSION = 1;
				ENABLE_PREVIEWS = YES;
				GENERATE_INFOPLIST_FILE = YES;
				INFOPLIST_FILE = TravelHub/Info.plist;
				INFOPLIST_KEY_UIApplicationSceneManifest_Generation = YES;
				INFOPLIST_KEY_UIApplicationSupportsIndirectInputEvents = YES;
				INFOPLIST_KEY_UILaunchScreen_Generation = YES;
				INFOPLIST_KEY_UISupportedInterfaceOrientations_iPad = "UIInterfaceOrientationPortrait UIInterfaceOrientationPortraitUpsideDown UIInterfaceOrientationLandscapeLeft UIInterfaceOrientationLandscapeRight";
				INFOPLIST_KEY_UISupportedInterfaceOrientations_iPhone = "UIInterfaceOrientationPortrait UIInterfaceOrientationLandscapeLeft UIInterfaceOrientationLandscapeRight";
				LD_RUNPATH_SEARCH_PATHS = (
					"$(inherited)",
					"@executable_path/Frameworks",
				);
				MARKETING_VERSION = 1.0;
				PRODUCT_BUNDLE_IDENTIFIER = "com.grupo-5.TravelHub";
				PRODUCT_NAME = "$(TARGET_NAME)";
				STRING_CATALOG_GENERATE_SYMBOLS = YES;
				SWIFT_APPROACHABLE_CONCURRENCY = YES;
				SWIFT_DEFAULT_ACTOR_ISOLATION = MainActor;
				SWIFT_EMIT_LOC_STRINGS = YES;
				SWIFT_UPCOMING_FEATURE_MEMBER_IMPORT_VISIBILITY = YES;
				SWIFT_VERSION = 5.0;
				TARGETED_DEVICE_FAMILY = "1,2";
			};
			name = Debug;
		};
		E0F19C042F6A10A100AD33F0 /* Release */ = {
			isa = XCBuildConfiguration;
			buildSettings = {
				ASSETCATALOG_COMPILER_APPICON_NAME = AppIcon;
				ASSETCATALOG_COMPILER_GLOBAL_ACCENT_COLOR_NAME = AccentColor;
				CODE_SIGN_STYLE = Automatic;
				CURRENT_PROJECT_VERSION = 1;
				ENABLE_PREVIEWS = YES;
				GENERATE_INFOPLIST_FILE = YES;
				INFOPLIST_FILE = TravelHub/Info.plist;
				INFOPLIST_KEY_UIApplicationSceneManifest_Generation = YES;
				INFOPLIST_KEY_UIApplicationSupportsIndirectInputEvents = YES;
				INFOPLIST_KEY_UILaunchScreen_Generation = YES;
				INFOPLIST_KEY_UISupportedInterfaceOrientations_iPad = "UIInterfaceOrientationPortrait UIInterfaceOrientationPortraitUpsideDown UIInterfaceOrientationLandscapeLeft UIInterfaceOrientationLandscapeRight";
				INFOPLIST_KEY_UISupportedInterfaceOrientations_iPhone = "UIInterfaceOrientationPortrait UIInterfaceOrientationLandscapeLeft UIInterfaceOrientationLandscapeRight";
				LD_RUNPATH_SEARCH_PATHS = (
					"$(inherited)",
					"@executable_path/Frameworks",
				);
				MARKETING_VERSION = 1.0;
				PRODUCT_BUNDLE_IDENTIFIER = "com.grupo-5.TravelHub";
				PRODUCT_NAME = "$(TARGET_NAME)";
				STRING_CATALOG_GENERATE_SYMBOLS = YES;
				SWIFT_APPROACHABLE_CONCURRENCY = YES;
				SWIFT_DEFAULT_ACTOR_ISOLATION = MainActor;
				SWIFT_EMIT_LOC_STRINGS = YES;
				SWIFT_UPCOMING_FEATURE_MEMBER_IMPORT_VISIBILITY = YES;
				SWIFT_VERSION = 5.0;
				TARGETED_DEVICE_FAMILY = "1,2";
			};
			name = Release;
		};
		E0F19C062F6A10A100AD33F0 /* Debug */ = {
			isa = XCBuildConfiguration;
			buildSettings = {
				BUNDLE_LOADER = "$(TEST_HOST)";
				CODE_SIGN_STYLE = Automatic;
				CURRENT_PROJECT_VERSION = 1;
				GENERATE_INFOPLIST_FILE = YES;
				IPHONEOS_DEPLOYMENT_TARGET = 26.2;
				MARKETING_VERSION = 1.0;
				PRODUCT_BUNDLE_IDENTIFIER = "com.grupo-5.TravelHubTests";
				PRODUCT_NAME = "$(TARGET_NAME)";
				STRING_CATALOG_GENERATE_SYMBOLS = NO;
				SWIFT_APPROACHABLE_CONCURRENCY = YES;
				SWIFT_EMIT_LOC_STRINGS = NO;
				SWIFT_UPCOMING_FEATURE_MEMBER_IMPORT_VISIBILITY = YES;
				SWIFT_VERSION = 5.0;
				TARGETED_DEVICE_FAMILY = "1,2";
				TEST_HOST = "$(BUILT_PRODUCTS_DIR)/TravelHub.app/$(BUNDLE_EXECUTABLE_FOLDER_PATH)/TravelHub";
			};
			name = Debug;
		};
		E0F19C072F6A10A100AD33F0 /* Release */ = {
			isa = XCBuildConfiguration;
			buildSettings = {
				BUNDLE_LOADER = "$(TEST_HOST)";
				CODE_SIGN_STYLE = Automatic;
				CURRENT_PROJECT_VERSION = 1;
				GENERATE_INFOPLIST_FILE = YES;
				IPHONEOS_DEPLOYMENT_TARGET = 26.2;
				MARKETING_VERSION = 1.0;
				PRODUCT_BUNDLE_IDENTIFIER = "com.grupo-5.TravelHubTests";
				PRODUCT_NAME = "$(TARGET_NAME)";
				STRING_CATALOG_GENERATE_SYMBOLS = NO;
				SWIFT_APPROACHABLE_CONCURRENCY = YES;
				SWIFT_EMIT_LOC_STRINGS = NO;
				SWIFT_UPCOMING_FEATURE_MEMBER_IMPORT_VISIBILITY = YES;
				SWIFT_VERSION = 5.0;
				TARGETED_DEVICE_FAMILY = "1,2";
				TEST_HOST = "$(BUILT_PRODUCTS_DIR)/TravelHub.app/$(BUNDLE_EXECUTABLE_FOLDER_PATH)/TravelHub";
			};
			name = Release;
		};
		E0F19C092F6A10A100AD33F0 /* Debug */ = {
			isa = XCBuildConfiguration;
			buildSettings = {
				CODE_SIGN_STYLE = Automatic;
				CURRENT_PROJECT_VERSION = 1;
				GENERATE_INFOPLIST_FILE = YES;
				MARKETING_VERSION = 1.0;
				PRODUCT_BUNDLE_IDENTIFIER = "com.grupo-5.TravelHubUITests";
				PRODUCT_NAME = "$(TARGET_NAME)";
				STRING_CATALOG_GENERATE_SYMBOLS = NO;
				SWIFT_APPROACHABLE_CONCURRENCY = YES;
				SWIFT_EMIT_LOC_STRINGS = NO;
				SWIFT_UPCOMING_FEATURE_MEMBER_IMPORT_VISIBILITY = YES;
				SWIFT_VERSION = 5.0;
				TARGETED_DEVICE_FAMILY = "1,2";
				TEST_TARGET_NAME = TravelHub;
			};
			name = Debug;
		};
		E0F19C0A2F6A10A100AD33F0 /* Release */ = {
			isa = XCBuildConfiguration;
			buildSettings = {
				CODE_SIGN_STYLE = Automatic;
				CURRENT_PROJECT_VERSION = 1;
				GENERATE_INFOPLIST_FILE = YES;
				MARKETING_VERSION = 1.0;
				PRODUCT_BUNDLE_IDENTIFIER = "com.grupo-5.TravelHubUITests";
				PRODUCT_NAME = "$(TARGET_NAME)";
				STRING_CATALOG_GENERATE_SYMBOLS = NO;
				SWIFT_APPROACHABLE_CONCURRENCY = YES;
				SWIFT_EMIT_LOC_STRINGS = NO;
				SWIFT_UPCOMING_FEATURE_MEMBER_IMPORT_VISIBILITY = YES;
				SWIFT_VERSION = 5.0;
				TARGETED_DEVICE_FAMILY = "1,2";
				TEST_TARGET_NAME = TravelHub;
			};
			name = Release;
		};
/* End XCBuildConfiguration section */

/* Begin XCConfigurationList section */
		E0F19BDC2F6A10A000AD33F0 /* Build configuration list for PBXProject "TravelHub" */ = {
			isa = XCConfigurationList;
			buildConfigurations = (
				E0F19C002F6A10A100AD33F0 /* Debug */,
				E0F19C012F6A10A100AD33F0 /* Release */,
			);
			defaultConfigurationIsVisible = 0;
			defaultConfigurationName = Release;
		};
		E0F19C022F6A10A100AD33F0 /* Build configuration list for PBXNativeTarget "TravelHub" */ = {
			isa = XCConfigurationList;
			buildConfigurations = (
				E0F19C032F6A10A100AD33F0 /* Debug */,
				E0F19C042F6A10A100AD33F0 /* Release */,
			);
			defaultConfigurationIsVisible = 0;
			defaultConfigurationName = Release;
		};
		E0F19C052F6A10A100AD33F0 /* Build configuration list for PBXNativeTarget "TravelHubTests" */ = {
			isa = XCConfigurationList;
			buildConfigurations = (
				E0F19C062F6A10A100AD33F0 /* Debug */,
				E0F19C072F6A10A100AD33F0 /* Release */,
			);
			defaultConfigurationIsVisible = 0;
			defaultConfigurationName = Release;
		};
		E0F19C082F6A10A100AD33F0 /* Build configuration list for PBXNativeTarget "TravelHubUITests" */ = {
			isa = XCConfigurationList;
			buildConfigurations = (
				E0F19C092F6A10A100AD33F0 /* Debug */,
				E0F19C0A2F6A10A100AD33F0 /* Release */,
			);
			defaultConfigurationIsVisible = 0;
			defaultConfigurationName = Release;
		};
/* End XCConfigurationList section */
	};
	rootObject = E0F19BD92F6A10A000AD33F0 /* Project object */;
}
